
Microsoft Visual Studio Solution File, Format Version 12.00
# Visual Studio Version 17
VisualStudioVersion = 17.14.36603.0 d17.14
MinimumVisualStudioVersion = 10.0.40219.1
Project("{FAE04EC0-301F-11D3-BF4B-00C04F79EFBC}") = "pokemon_teamBuilder", "pokemon_teamBuilder\pokemon_teamBuilder.csproj", "{C84C5CF8-31CF-415D-B55F-F33F106E8236}"
EndProject
Global
	GlobalSection(SolutionConfigurationPlatforms) = preSolution
		Debug|Any CPU = Debug|Any CPU
		Release|Any CPU = Release|Any CPU
	EndGlobalSection
	GlobalSection(ProjectConfigurationPlatforms) = postSolution
		{C84C5CF8-31CF-415D-B55F-F33F106E8236}.Debug|Any CPU.ActiveCfg = Debug|Any CPU
		{C84C5CF8-31CF-415D-B55F-F33F106E8236}.Debug|Any CPU.Build.0 = Debug|Any CPU
		{C84C5CF8-31CF-415D-B55F-F33F106E8236}.Release|Any CPU.ActiveCfg = Release|Any CPU
		{C84C5CF8-31CF-415D-B55F-F33F106E8236}.Release|Any CPU.Build.0 = Release|Any CPU
	EndGlobalSection
	GlobalSection(SolutionProperties) = preSolution
		HideSolutionNode = FALSE
	EndGlobalSection
	GlobalSection(ExtensibilityGlobals) = postSolution
		SolutionGuid = {5793382B-B882-4853-9657-1B7A896FC08E}
	EndGlobalSection
EndGlobal
